// !$*UTF8*$!
{
	archiveVersion = 1;
	classes = {
	};
	objectVersion = 46;
	objects = {

/* Begin PBXBuildFile section */
		A90BF0DE1CF18B2200F9633A /* WritingAnimViewController.swift in Sources */ = {isa = PBXBuildFile; fileRef = A90BF0DD1CF18B2200F9633A /* WritingAnimViewController.swift */; };
		A90BF0E01CF18CFC00F9633A /* WritingAnimView.swift in Sources */ = {isa = PBXBuildFile; fileRef = A90BF0DF1CF18CFC00F9633A /* WritingAnimView.swift */; };
		A90BF0E31CF1A48A00F9633A /* DLTZkDLF.ttf in Resources */ = {isa = PBXBuildFile; fileRef = A90BF0E11CF19A2400F9633A /* DLTZkDLF.ttf */; };
		A94EDC521CD2446C00352A74 /* AppDelegate.swift in Sources */ = {isa = PBXBuildFile; fileRef = A94EDC511CD2446C00352A74 /* AppDelegate.swift */; };
		A94EDC571CD2446C00352A74 /* Main.storyboard in Resources */ = {isa = PBXBuildFile; fileRef = A94EDC551CD2446C00352A74 /* Main.storyboard */; };
		A94EDC591CD2446C00352A74 /* Assets.xcassets in Resources */ = {isa = PBXBuildFile; fileRef = A94EDC581CD2446C00352A74 /* Assets.xcassets */; };
		A94EDC5C1CD2446C00352A74 /* LaunchScreen.storyboard in Resources */ = {isa = PBXBuildFile; fileRef = A94EDC5A1CD2446C00352A74 /* LaunchScreen.storyboard */; };
		A94EDC671CD2446D00352A74 /* AnimateLearnTests.swift in Sources */ = {isa = PBXBuildFile; fileRef = A94EDC661CD2446D00352A74 /* AnimateLearnTests.swift */; };
		A94EDC721CD2446D00352A74 /* AnimateLearnUITests.swift in Sources */ = {isa = PBXBuildFile; fileRef = A94EDC711CD2446D00352A74 /* AnimateLearnUITests.swift */; };
		A94EDC801CD244A600352A74 /* BaseTableViewController.swift in Sources */ = {isa = PBXBuildFile; fileRef = A94EDC7F1CD244A600352A74 /* BaseTableViewController.swift */; };
		A94EDC851CD248AE00352A74 /* BasicAnimationViewController.swift in Sources */ = {isa = PBXBuildFile; fileRef = A94EDC831CD248AE00352A74 /* BasicAnimationViewController.swift */; };
		A94EDC861CD248AE00352A74 /* BasicAnimationViewController.xib in Resources */ = {isa = PBXBuildFile; fileRef = A94EDC841CD248AE00352A74 /* BasicAnimationViewController.xib */; };
		A94EDC891CD2559000352A74 /* KeyFrameAnimationViewController.swift in Sources */ = {isa = PBXBuildFile; fileRef = A94EDC871CD2559000352A74 /* KeyFrameAnimationViewController.swift */; };
		A94EDC8A1CD2559000352A74 /* KeyFrameAnimationViewController.xib in Resources */ = {isa = PBXBuildFile; fileRef = A94EDC881CD2559000352A74 /* KeyFrameAnimationViewController.xib */; };
		A94EDC8D1CD2EF5200352A74 /* GroupAnimationViewController.swift in Sources */ = {isa = PBXBuildFile; fileRef = A94EDC8B1CD2EF5200352A74 /* GroupAnimationViewController.swift */; };
		A94EDC8E1CD2EF5200352A74 /* GroupAnimationViewController.xib in Resources */ = {isa = PBXBuildFile; fileRef = A94EDC8C1CD2EF5200352A74 /* GroupAnimationViewController.xib */; };
		A94EDC911CD2FCAD00352A74 /* TransitionViewController.swift in Sources */ = {isa = PBXBuildFile; fileRef = A94EDC8F1CD2FCAD00352A74 /* TransitionViewController.swift */; };
		A94EDC941CD3134500352A74 /* TransitionViewController.xib in Resources */ = {isa = PBXBuildFile; fileRef = A94EDC931CD3134500352A74 /* TransitionViewController.xib */; };
		A94EDC991CD85E5B00352A74 /* DivergentViewController.swift in Sources */ = {isa = PBXBuildFile; fileRef = A94EDC981CD85E5B00352A74 /* DivergentViewController.swift */; };
		A94EDC9B1CD85E7500352A74 /* DivergentCenterButton.swift in Sources */ = {isa = PBXBuildFile; fileRef = A94EDC9A1CD85E7500352A74 /* DivergentCenterButton.swift */; };
		A94EDC9D1CD85E8900352A74 /* DivergentOtherButton.swift in Sources */ = {isa = PBXBuildFile; fileRef = A94EDC9C1CD85E8900352A74 /* DivergentOtherButton.swift */; };
/* End PBXBuildFile section */

/* Begin PBXContainerItemProxy section */
		A94EDC631CD2446D00352A74 /* PBXContainerItemProxy */ = {
			isa = PBXContainerItemProxy;
			containerPortal = A94EDC461CD2446C00352A74 /* Project object */;
			proxyType = 1;
			remoteGlobalIDString = A94EDC4D1CD2446C00352A74;
			remoteInfo = AnimateLearn;
		};
		A94EDC6E1CD2446D00352A74 /* PBXContainerItemProxy */ = {
			isa = PBXContainerItemProxy;
			containerPortal = A94EDC461CD2446C00352A74 /* Project object */;
			proxyType = 1;
			remoteGlobalIDString = A94EDC4D1CD2446C00352A74;
			remoteInfo = AnimateLearn;
		};
/* End PBXContainerItemProxy section */

/* Begin PBXFileReference section */
		A90BF0DD1CF18B2200F9633A /* WritingAnimViewController.swift */ = {isa = PBXFileReference; fileEncoding = 4; lastKnownFileType = sourcecode.swift; path = WritingAnimViewController.swift; sourceTree = "<group>"; };
		A90BF0DF1CF18CFC00F9633A /* WritingAnimView.swift */ = {isa = PBXFileReference; fileEncoding = 4; lastKnownFileType = sourcecode.swift; path = WritingAnimView.swift; sourceTree = "<group>"; };
		A90BF0E11CF19A2400F9633A /* DLTZkDLF.ttf */ = {isa = PBXFileReference; lastKnownFileType = file; path = DLTZkDLF.ttf; sourceTree = "<group>"; };
		A94EDC4E1CD2446C00352A74 /* AnimateLearn.app */ = {isa = PBXFileReference; explicitFileType = wrapper.application; includeInIndex = 0; path = AnimateLearn.app; sourceTree = BUILT_PRODUCTS_DIR; };
		A94EDC511CD2446C00352A74 /* AppDelegate.swift */ = {isa = PBXFileReference; lastKnownFileType = sourcecode.swift; path = AppDelegate.swift; sourceTree = "<group>"; };
		A94EDC561CD2446C00352A74 /* Base */ = {isa = PBXFileReference; lastKnownFileType = file.storyboard; name = Base; path = Base.lproj/Main.storyboard; sourceTree = "<group>"; };
		A94EDC581CD2446C00352A74 /* Assets.xcassets */ = {isa = PBXFileReference; lastKnownFileType = folder.assetcatalog; path = Assets.xcassets; sourceTree = "<group>"; };
		A94EDC5B1CD2446C00352A74 /* Base */ = {isa = PBXFileReference; lastKnownFileType = file.storyboard; name = Base; path = Base.lproj/LaunchScreen.storyboard; sourceTree = "<group>"; };
		A94EDC5D1CD2446C00352A74 /* Info.plist */ = {isa = PBXFileReference; lastKnownFileType = text.plist.xml; path = Info.plist; sourceTree = "<group>"; };
		A94EDC621CD2446D00352A74 /* AnimateLearnTests.xctest */ = {isa = PBXFileReference; explicitFileType = wrapper.cfbundle; includeInIndex = 0; path = AnimateLearnTests.xctest; sourceTree = BUILT_PRODUCTS_DIR; };
		A94EDC661CD2446D00352A74 /* AnimateLearnTests.swift */ = {isa = PBXFileReference; lastKnownFileType = sourcecode.swift; path = AnimateLearnTests.swift; sourceTree = "<group>"; };
		A94EDC681CD2446D00352A74 /* Info.plist */ = {isa = PBXFileReference; lastKnownFileType = text.plist.xml; path = Info.plist; sourceTree = "<group>"; };
		A94EDC6D1CD2446D00352A74 /* AnimateLearnUITests.xctest */ = {isa = PBXFileReference; explicitFileType = wrapper.cfbundle; includeInIndex = 0; path = AnimateLearnUITests.xctest; sourceTree = BUILT_PRODUCTS_DIR; };
		A94EDC711CD2446D00352A74 /* AnimateLearnUITests.swift */ = {isa = PBXFileReference; lastKnownFileType = sourcecode.swift; path = AnimateLearnUITests.swift; sourceTree = "<group>"; };
		A94EDC731CD2446D00352A74 /* Info.plist */ = {isa = PBXFileReference; lastKnownFileType = text.plist.xml; path = Info.plist; sourceTree = "<group>"; };
		A94EDC7F1CD244A600352A74 /* BaseTableViewController.swift */ = {isa = PBXFileReference; fileEncoding = 4; lastKnownFileType = sourcecode.swift; path = BaseTableViewController.swift; sourceTree = "<group>"; };
		A94EDC831CD248AE00352A74 /* BasicAnimationViewController.swift */ = {isa = PBXFileReference; fileEncoding = 4; lastKnownFileType = sourcecode.swift; path = BasicAnimationViewController.swift; sourceTree = "<group>"; };
		A94EDC841CD248AE00352A74 /* BasicAnimationViewController.xib */ = {isa = PBXFileReference; fileEncoding = 4; lastKnownFileType = file.xib; path = BasicAnimationViewController.xib; sourceTree = "<group>"; };
		A94EDC871CD2559000352A74 /* KeyFrameAnimationViewController.swift */ = {isa = PBXFileReference; fileEncoding = 4; lastKnownFileType = sourcecode.swift; path = KeyFrameAnimationViewController.swift; sourceTree = "<group>"; };
		A94EDC881CD2559000352A74 /* KeyFrameAnimationViewController.xib */ = {isa = PBXFileReference; fileEncoding = 4; lastKnownFileType = file.xib; path = KeyFrameAnimationViewController.xib; sourceTree = "<group>"; };
		A94EDC8B1CD2EF5200352A74 /* GroupAnimationViewController.swift */ = {isa = PBXFileReference; fileEncoding = 4; lastKnownFileType = sourcecode.swift; path = GroupAnimationViewController.swift; sourceTree = "<group>"; };
		A94EDC8C1CD2EF5200352A74 /* GroupAnimationViewController.xib */ = {isa = PBXFileReference; fileEncoding = 4; lastKnownFileType = file.xib; path = GroupAnimationViewController.xib; sourceTree = "<group>"; };
		A94EDC8F1CD2FCAD00352A74 /* TransitionViewController.swift */ = {isa = PBXFileReference; fileEncoding = 4; lastKnownFileType = sourcecode.swift; path = TransitionViewController.swift; sourceTree = "<group>"; };
		A94EDC931CD3134500352A74 /* TransitionViewController.xib */ = {isa = PBXFileReference; fileEncoding = 4; lastKnownFileType = file.xib; path = TransitionViewController.xib; sourceTree = "<group>"; };
		A94EDC981CD85E5B00352A74 /* DivergentViewController.swift */ = {isa = PBXFileReference; fileEncoding = 4; lastKnownFileType = sourcecode.swift; path = DivergentViewController.swift; sourceTree = "<group>"; };
		A94EDC9A1CD85E7500352A74 /* DivergentCenterButton.swift */ = {isa = PBXFileReference; fileEncoding = 4; lastKnownFileType = sourcecode.swift; path = DivergentCenterButton.swift; sourceTree = "<group>"; };
		A94EDC9C1CD85E8900352A74 /* DivergentOtherButton.swift */ = {isa = PBXFileReference; fileEncoding = 4; lastKnownFileType = sourcecode.swift; path = DivergentOtherButton.swift; sourceTree = "<group>"; };
/* End PBXFileReference section */

/* Begin PBXFrameworksBuildPhase section */
		A94EDC4B1CD2446C00352A74 /* Frameworks */ = {
			isa = PBXFrameworksBuildPhase;
			buildActionMask = 2147483647;
			files = (
			);
			runOnlyForDeploymentPostprocessing = 0;
		};
		A94EDC5F1CD2446D00352A74 /* Frameworks */ = {
			isa = PBXFrameworksBuildPhase;
			buildActionMask = 2147483647;
			files = (
			);
			runOnlyForDeploymentPostprocessing = 0;
		};
		A94EDC6A1CD2446D00352A74 /* Frameworks */ = {
			isa = PBXFrameworksBuildPhase;
			buildActionMask = 2147483647;
			files = (
			);
			runOnlyForDeploymentPostprocessing = 0;
		};
/* End PBXFrameworksBuildPhase section */

/* Begin PBXGroup section */
		A90BF0DC1CF18AFF00F9633A /* writingAnimations */ = {
			isa = PBXGroup;
			children = (
				A90BF0E11CF19A2400F9633A /* DLTZkDLF.ttf */,
				A90BF0DD1CF18B2200F9633A /* WritingAnimViewController.swift */,
				A90BF0DF1CF18CFC00F9633A /* WritingAnimView.swift */,
			);
			name = writingAnimations;
			sourceTree = "<group>";
		};
		A94EDC451CD2446C00352A74 = {
			isa = PBXGroup;
			children = (
				A94EDC501CD2446C00352A74 /* AnimateLearn */,
				A94EDC651CD2446D00352A74 /* AnimateLearnTests */,
				A94EDC701CD2446D00352A74 /* AnimateLearnUITests */,
				A94EDC4F1CD2446C00352A74 /* Products */,
			);
			sourceTree = "<group>";
		};
		A94EDC4F1CD2446C00352A74 /* Products */ = {
			isa = PBXGroup;
			children = (
				A94EDC4E1CD2446C00352A74 /* AnimateLearn.app */,
				A94EDC621CD2446D00352A74 /* AnimateLearnTests.xctest */,
				A94EDC6D1CD2446D00352A74 /* AnimateLearnUITests.xctest */,
			);
			name = Products;
			sourceTree = "<group>";
		};
		A94EDC501CD2446C00352A74 /* AnimateLearn */ = {
			isa = PBXGroup;
			children = (
				A90BF0DC1CF18AFF00F9633A /* writingAnimations */,
				A94EDC971CD852B900352A74 /* animateBtn1 */,
				A94EDC511CD2446C00352A74 /* AppDelegate.swift */,
				A94EDC7F1CD244A600352A74 /* BaseTableViewController.swift */,
				A94EDC551CD2446C00352A74 /* Main.storyboard */,
				A94EDC581CD2446C00352A74 /* Assets.xcassets */,
				A94EDC5A1CD2446C00352A74 /* LaunchScreen.storyboard */,
				A94EDC5D1CD2446C00352A74 /* Info.plist */,
				A94EDC831CD248AE00352A74 /* BasicAnimationViewController.swift */,
				A94EDC841CD248AE00352A74 /* BasicAnimationViewController.xib */,
				A94EDC871CD2559000352A74 /* KeyFrameAnimationViewController.swift */,
				A94EDC881CD2559000352A74 /* KeyFrameAnimationViewController.xib */,
				A94EDC8B1CD2EF5200352A74 /* GroupAnimationViewController.swift */,
				A94EDC8C1CD2EF5200352A74 /* GroupAnimationViewController.xib */,
				A94EDC8F1CD2FCAD00352A74 /* TransitionViewController.swift */,
				A94EDC931CD3134500352A74 /* TransitionViewController.xib */,
			);
			path = AnimateLearn;
			sourceTree = "<group>";
		};
		A94EDC651CD2446D00352A74 /* AnimateLearnTests */ = {
			isa = PBXGroup;
			children = (
				A94EDC661CD2446D00352A74 /* AnimateLearnTests.swift */,
				A94EDC681CD2446D00352A74 /* Info.plist */,
			);
			path = AnimateLearnTests;
			sourceTree = "<group>";
		};
		A94EDC701CD2446D00352A74 /* AnimateLearnUITests */ = {
			isa = PBXGroup;
			children = (
				A94EDC711CD2446D00352A74 /* AnimateLearnUITests.swift */,
				A94EDC731CD2446D00352A74 /* Info.plist */,
			);
			path = AnimateLearnUITests;
			sourceTree = "<group>";
		};
		A94EDC971CD852B900352A74 /* animateBtn1 */ = {
			isa = PBXGroup;
			children = (
				A94EDC981CD85E5B00352A74 /* DivergentViewController.swift */,
				A94EDC9A1CD85E7500352A74 /* DivergentCenterButton.swift */,
				A94EDC9C1CD85E8900352A74 /* DivergentOtherButton.swift */,
			);
			name = animateBtn1;
			sourceTree = "<group>";
		};
/* End PBXGroup section */

/* Begin PBXNativeTarget section */
		A94EDC4D1CD2446C00352A74 /* AnimateLearn */ = {
			isa = PBXNativeTarget;
			buildConfigurationList = A94EDC761CD2446D00352A74 /* Build configuration list for PBXNativeTarget "AnimateLearn" */;
			buildPhases = (
				A94EDC4A1CD2446C00352A74 /* Sources */,
				A94EDC4B1CD2446C00352A74 /* Frameworks */,
				A94EDC4C1CD2446C00352A74 /* Resources */,
			);
			buildRules = (
			);
			dependencies = (
			);
			name = AnimateLearn;
			productName = AnimateLearn;
			productReference = A94EDC4E1CD2446C00352A74 /* AnimateLearn.app */;
			productType = "com.apple.product-type.application";
		};
		A94EDC611CD2446D00352A74 /* AnimateLearnTests */ = {
			isa = PBXNativeTarget;
			buildConfigurationList = A94EDC791CD2446D00352A74 /* Build configuration list for PBXNativeTarget "AnimateLearnTests" */;
			buildPhases = (
				A94EDC5E1CD2446D00352A74 /* Sources */,
				A94EDC5F1CD2446D00352A74 /* Frameworks */,
				A94EDC601CD2446D00352A74 /* Resources */,
			);
			buildRules = (
			);
			dependencies = (
				A94EDC641CD2446D00352A74 /* PBXTargetDependency */,
			);
			name = AnimateLearnTests;
			productName = AnimateLearnTests;
			productReference = A94EDC621CD2446D00352A74 /* AnimateLearnTests.xctest */;
			productType = "com.apple.product-type.bundle.unit-test";
		};
		A94EDC6C1CD2446D00352A74 /* AnimateLearnUITests */ = {
			isa = PBXNativeTarget;
			buildConfigurationList = A94EDC7C1CD2446D00352A74 /* Build configuration list for PBXNativeTarget "AnimateLearnUITests" */;
			buildPhases = (
				A94EDC691CD2446D00352A74 /* Sources */,
				A94EDC6A1CD2446D00352A74 /* Frameworks */,
				A94EDC6B1CD2446D00352A74 /* Resources */,
			);
			buildRules = (
			);
			dependencies = (
				A94EDC6F1CD2446D00352A74 /* PBXTargetDependency */,
			);
			name = AnimateLearnUITests;
			productName = AnimateLearnUITests;
			productReference = A94EDC6D1CD2446D00352A74 /* AnimateLearnUITests.xctest */;
			productType = "com.apple.product-type.bundle.ui-testing";
		};
/* End PBXNativeTarget section */

/* Begin PBXProject section */
		A94EDC461CD2446C00352A74 /* Project object */ = {
			isa = PBXProject;
			attributes = {
				LastSwiftUpdateCheck = 0730;
				LastUpgradeCheck = 0730;
				ORGANIZATIONNAME = alexzhu;
				TargetAttributes = {
					A94EDC4D1CD2446C00352A74 = {
						CreatedOnToolsVersion = 7.3;
						DevelopmentTeam = EQ6KF3RB82;
					};
					A94EDC611CD2446D00352A74 = {
						CreatedOnToolsVersion = 7.3;
						TestTargetID = A94EDC4D1CD2446C00352A74;
					};
					A94EDC6C1CD2446D00352A74 = {
						CreatedOnToolsVersion = 7.3;
						TestTargetID = A94EDC4D1CD2446C00352A74;
					};
				};
			};
			buildConfigurationList = A94EDC491CD2446C00352A74 /* Build configuration list for PBXProject "AnimateLearn" */;
			compatibilityVersion = "Xcode 3.2";
			developmentRegion = English;
			hasScannedForEncodings = 0;
			knownRegions = (
				en,
				Base,
			);
			mainGroup = A94EDC451CD2446C00352A74;
			productRefGroup = A94EDC4F1CD2446C00352A74 /* Products */;
			projectDirPath = "";
			projectRoot = "";
			targets = (
				A94EDC4D1CD2446C00352A74 /* AnimateLearn */,
				A94EDC611CD2446D00352A74 /* AnimateLearnTests */,
				A94EDC6C1CD2446D00352A74 /* AnimateLearnUITests */,
			);
		};
/* End PBXProject section */

/* Begin PBXResourcesBuildPhase section */
		A94EDC4C1CD2446C00352A74 /* Resources */ = {
			isa = PBXResourcesBuildPhase;
			buildActionMask = 2147483647;
			files = (
				A94EDC8E1CD2EF5200352A74 /* GroupAnimationViewController.xib in Resources */,
				A94EDC941CD3134500352A74 /* TransitionViewController.xib in Resources */,
				A94EDC8A1CD2559000352A74 /* KeyFrameAnimationViewController.xib in Resources */,
				A94EDC861CD248AE00352A74 /* BasicAnimationViewController.xib in Resources */,
				A90BF0E31CF1A48A00F9633A /* DLTZkDLF.ttf in Resources */,
				A94EDC5C1CD2446C00352A74 /* LaunchScreen.storyboard in Resources */,
				A94EDC591CD2446C00352A74 /* Assets.xcassets in Resources */,
				A94EDC571CD2446C00352A74 /* Main.storyboard in Resources */,
			);
			runOnlyForDeploymentPostprocessing = 0;
		};
		A94EDC601CD2446D00352A74 /* Resources */ = {
			isa = PBXResourcesBuildPhase;
			buildActionMask = 2147483647;
			files = (
			);
			runOnlyForDeploymentPostprocessing = 0;
		};
		A94EDC6B1CD2446D00352A74 /* Resources */ = {
			isa = PBXResourcesBuildPhase;
			buildActionMask = 2147483647;
			files = (
			);
			runOnlyForDeploymentPostprocessing = 0;
		};
/* End PBXResourcesBuildPhase section */

/* Begin PBXSourcesBuildPhase section */
		A94EDC4A1CD2446C00352A74 /* Sources */ = {
			isa = PBXSourcesBuildPhase;
			buildActionMask = 2147483647;
			files = (
				A94EDC801CD244A600352A74 /* BaseTableViewController.swift in Sources */,
				A94EDC911CD2FCAD00352A74 /* TransitionViewController.swift in Sources */,
				A90BF0DE1CF18B2200F9633A /* WritingAnimViewController.swift in Sources */,
				A94EDC521CD2446C00352A74 /* AppDelegate.swift in Sources */,
				A94EDC9B1CD85E7500352A74 /* DivergentCenterButton.swift in Sources */,
				A90BF0E01CF18CFC00F9633A /* WritingAnimView.swift in Sources */,
				A94EDC851CD248AE00352A74 /* BasicAnimationViewController.swift in Sources */,
				A94EDC891CD2559000352A74 /* KeyFrameAnimationViewController.swift in Sources */,
				A94EDC8D1CD2EF5200352A74 /* GroupAnimationViewController.swift in Sources */,
				A94EDC991CD85E5B00352A74 /* DivergentViewController.swift in Sources */,
				A94EDC9D1CD85E8900352A74 /* DivergentOtherButton.swift in Sources */,
			);
			runOnlyForDeploymentPostprocessing = 0;
		};
		A94EDC5E1CD2446D00352A74 /* Sources */ = {
			isa = PBXSourcesBuildPhase;
			buildActionMask = 2147483647;
			files = (
				A94EDC671CD2446D00352A74 /* AnimateLearnTests.swift in Sources */,
			);
			runOnlyForDeploymentPostprocessing = 0;
		};
		A94EDC691CD2446D00352A74 /* Sources */ = {
			isa = PBXSourcesBuildPhase;
			buildActionMask = 2147483647;
			files = (
				A94EDC721CD2446D00352A74 /* AnimateLearnUITests.swift in Sources */,
			);
			runOnlyForDeploymentPostprocessing = 0;
		};
/* End PBXSourcesBuildPhase section */

/* Begin PBXTargetDependency section */
		A94EDC641CD2446D00352A74 /* PBXTargetDependency */ = {
			isa = PBXTargetDependency;
			target = A94EDC4D1CD2446C00352A74 /* AnimateLearn */;
			targetProxy = A94EDC631CD2446D00352A74 /* PBXContainerItemProxy */;
		};
		A94EDC6F1CD2446D00352A74 /* PBXTargetDependency */ = {
			isa = PBXTargetDependency;
			target = A94EDC4D1CD2446C00352A74 /* AnimateLearn */;
			targetProxy = A94EDC6E1CD2446D00352A74 /* PBXContainerItemProxy */;
		};
/* End PBXTargetDependency section */

/* Begin PBXVariantGroup section */
		A94EDC551CD2446C00352A74 /* Main.storyboard */ = {
			isa = PBXVariantGroup;
			children = (
				A94EDC561CD2446C00352A74 /* Base */,
			);
			name = Main.storyboard;
			sourceTree = "<group>";
		};
		A94EDC5A1CD2446C00352A74 /* LaunchScreen.storyboard */ = {
			isa = PBXVariantGroup;
			children = (
				A94EDC5B1CD2446C00352A74 /* Base */,
			);
			name = LaunchScreen.storyboard;
			sourceTree = "<group>";
		};
/* End PBXVariantGroup section */

/* Begin XCBuildConfiguration section */
		A94EDC741CD2446D00352A74 /* Debug */ = {
			isa = XCBuildConfiguration;
			buildSettings = {
				ALWAYS_SEARCH_USER_PATHS = NO;
				CLANG_ANALYZER_NONNULL = YES;
				CLANG_CXX_LANGUAGE_STANDARD = "gnu++0x";
				CLANG_CXX_LIBRARY = "libc++";
				CLANG_ENABLE_MODULES = YES;
				CLANG_ENABLE_OBJC_ARC = YES;
				CLANG_WARN_BOOL_CONVERSION = YES;
				CLANG_WARN_CONSTANT_CONVERSION = YES;
				CLANG_WARN_DIRECT_OBJC_ISA_USAGE = YES_ERROR;
				CLANG_WARN_EMPTY_BODY = YES;
				CLANG_WARN_ENUM_CONVERSION = YES;
				CLANG_WARN_INT_CONVERSION = YES;
				CLANG_WARN_OBJC_ROOT_CLASS = YES_ERROR;
				CLANG_WARN_UNREACHABLE_CODE = YES;
				CLANG_WARN__DUPLICATE_METHOD_MATCH = YES;
				"CODE_SIGN_IDENTITY[sdk=iphoneos*]" = "iPhone Developer";
				COPY_PHASE_STRIP = NO;
				DEBUG_INFORMATION_FORMAT = dwarf;
				ENABLE_STRICT_OBJC_MSGSEND = YES;
				ENABLE_TESTABILITY = YES;
				GCC_C_LANGUAGE_STANDARD = gnu99;
				GCC_DYNAMIC_NO_PIC = NO;
				GCC_NO_COMMON_BLOCKS = YES;
				GCC_OPTIMIZATION_LEVEL = 0;
				GCC_PREPROCESSOR_DEFINITIONS = (
					"DEBUG=1",
					"$(inherited)",
				);
				GCC_WARN_64_TO_32_BIT_CONVERSION = YES;
				GCC_WARN_ABOUT_RETURN_TYPE = YES_ERROR;
				GCC_WARN_UNDECLARED_SELECTOR = YES;
				GCC_WARN_UNINITIALIZED_AUTOS = YES_AGGRESSIVE;
				GCC_WARN_UNUSED_FUNCTION = YES;
				GCC_WARN_UNUSED_VARIABLE = YES;
				IPHONEOS_DEPLOYMENT_TARGET = 9.3;
				MTL_ENABLE_DEBUG_INFO = YES;
				ONLY_ACTIVE_ARCH = YES;
				SDKROOT = iphoneos;
				SWIFT_OPTIMIZATION_LEVEL = "-Onone";
			};
			name = Debug;
		};
		A94EDC751CD2446D00352A74 /* Release */ = {
			isa = XCBuildConfiguration;
			buildSettings = {
				ALWAYS_SEARCH_USER_PATHS = NO;
				CLANG_ANALYZER_NONNULL = YES;
				CLANG_CXX_LANGUAGE_STANDARD = "gnu++0x";
				CLANG_CXX_LIBRARY = "libc++";
				CLANG_ENABLE_MODULES = YES;
				CLANG_ENABLE_OBJC_ARC = YES;
				CLANG_WARN_BOOL_CONVERSION = YES;
				CLANG_WARN_CONSTANT_CONVERSION = YES;
				CLANG_WARN_DIRECT_OBJC_ISA_USAGE = YES_ERROR;
				CLANG_WARN_EMPTY_BODY = YES;
				CLANG_WARN_ENUM_CONVERSION = YES;
				CLANG_WARN_INT_CONVERSION = YES;
				CLANG_WARN_OBJC_ROOT_CLASS = YES_ERROR;
				CLANG_WARN_UNREACHABLE_CODE = YES;
				CLANG_WARN__DUPLICATE_METHOD_MATCH = YES;
				"CODE_SIGN_IDENTITY[sdk=iphoneos*]" = "iPhone Developer";
				COPY_PHASE_STRIP = NO;
				DEBUG_INFORMATION_FORMAT = "dwarf-with-dsym";
				ENABLE_NS_ASSERTIONS = NO;
				ENABLE_STRICT_OBJC_MSGSEND = YES;
				GCC_C_LANGUAGE_STANDARD = gnu99;
				GCC_NO_COMMON_BLOCKS = YES;
				GCC_WARN_64_TO_32_BIT_CONVERSION = YES;
				GCC_WARN_ABOUT_RETURN_TYPE = YES_ERROR;
				GCC_WARN_UNDECLARED_SELECTOR = YES;
				GCC_WARN_UNINITIALIZED_AUTOS = YES_AGGRESSIVE;
				GCC_WARN_UNUSED_FUNCTION = YES;
				GCC_WARN_UNUSED_VARIABLE = YES;
				IPHONEOS_DEPLOYMENT_TARGET = 9.3;
				MTL_ENABLE_DEBUG_INFO = NO;
				SDKROOT = iphoneos;
				VALIDATE_PRODUCT = YES;
			};
			name = Release;
		};
		A94EDC771CD2446D00352A74 /* Debug */ = {
			isa = XCBuildConfiguration;
			buildSettings = {
				ASSETCATALOG_COMPILER_APPICON_NAME = AppIcon;
				CODE_SIGN_IDENTITY = "iPhone Developer";
				INFOPLIST_FILE = AnimateLearn/Info.plist;
				LD_RUNPATH_SEARCH_PATHS = "$(inherited) @executable_path/Frameworks";
				PRODUCT_BUNDLE_IDENTIFIER = com.alexzhu.ssss;
				PRODUCT_NAME = "$(TARGET_NAME)";
			};
			name = Debug;
		};
		A94EDC781CD2446D00352A74 /* Release */ = {
			isa = XCBuildConfiguration;
			buildSettings = {
				ASSETCATALOG_COMPILER_APPICON_NAME = AppIcon;
				CODE_SIGN_IDENTITY = "iPhone Developer";
				INFOPLIST_FILE = AnimateLearn/Info.plist;
				LD_RUNPATH_SEARCH_PATHS = "$(inherited) @executable_path/Frameworks";
				PRODUCT_BUNDLE_IDENTIFIER = com.alexzhu.ssss;
				PRODUCT_NAME = "$(TARGET_NAME)";
			};
			name = Release;
		};
		A94EDC7A1CD2446D00352A74 /* Debug */ = {
			isa = XCBuildConfiguration;
			buildSettings = {
				BUNDLE_LOADER = "$(TEST_HOST)";
				INFOPLIST_FILE = AnimateLearnTests/Info.plist;
				LD_RUNPATH_SEARCH_PATHS = "$(inherited) @executable_path/Frameworks @loader_path/Frameworks";
				PRODUCT_BUNDLE_IDENTIFIER = com.alexzhu.animate.AnimateLearnTests;
				PRODUCT_NAME = "$(TARGET_NAME)";
				TEST_HOST = "$(BUILT_PRODUCTS_DIR)/AnimateLearn.app/AnimateLearn";
			};
			name = Debug;
		};
		A94EDC7B1CD2446D00352A74 /* Release */ = {
			isa = XCBuildConfiguration;
			buildSettings = {
				BUNDLE_LOADER = "$(TEST_HOST)";
				INFOPLIST_FILE = AnimateLearnTests/Info.plist;
				LD_RUNPATH_SEARCH_PATHS = "$(inherited) @executable_path/Frameworks @loader_path/Frameworks";
				PRODUCT_BUNDLE_IDENTIFIER = com.alexzhu.animate.AnimateLearnTests;
				PRODUCT_NAME = "$(TARGET_NAME)";
				TEST_HOST = "$(BUILT_PRODUCTS_DIR)/AnimateLearn.app/AnimateLearn";
			};
			name = Release;
		};
		A94EDC7D1CD2446D00352A74 /* Debug */ = {
			isa = XCBuildConfiguration;
			buildSettings = {
				INFOPLIST_FILE = AnimateLearnUITests/Info.plist;
				LD_RUNPATH_SEARCH_PATHS = "$(inherited) @executable_path/Frameworks @loader_path/Frameworks";
				PRODUCT_BUNDLE_IDENTIFIER = com.alexzhu.animate.AnimateLearnUITests;
				PRODUCT_NAME = "$(TARGET_NAME)";
				TEST_TARGET_NAME = AnimateLearn;
			};
			name = Debug;
		};
		A94EDC7E1CD2446D00352A74 /* Release */ = {
			isa = XCBuildConfiguration;
			buildSettings = {
				INFOPLIST_FILE = AnimateLearnUITests/Info.plist;
				LD_RUNPATH_SEARCH_PATHS = "$(inherited) @executable_path/Frameworks @loader_path/Frameworks";
				PRODUCT_BUNDLE_IDENTIFIER = com.alexzhu.animate.AnimateLearnUITests;
				PRODUCT_NAME = "$(TARGET_NAME)";
				TEST_TARGET_NAME = AnimateLearn;
			};
			name = Release;
		};
/* End XCBuildConfiguration section */

/* Begin XCConfigurationList section */
		A94EDC491CD2446C00352A74 /* Build configuration list for PBXProject "AnimateLearn" */ = {
			isa = XCConfigurationList;
			buildConfigurations = (
				A94EDC741CD2446D00352A74 /* Debug */,
				A94EDC751CD2446D00352A74 /* Release */,
			);
			defaultConfigurationIsVisible = 0;
			defaultConfigurationName = Release;
		};
		A94EDC761CD2446D00352A74 /* Build configuration list for PBXNativeTarget "AnimateLearn" */ = {
			isa = XCConfigurationList;
			buildConfigurations = (
				A94EDC771CD2446D00352A74 /* Debug */,
				A94EDC781CD2446D00352A74 /* Release */,
			);
			defaultConfigurationIsVisible = 0;
			defaultConfigurationName = Release;
		};
		A94EDC791CD2446D00352A74 /* Build configuration list for PBXNativeTarget "AnimateLearnTests" */ = {
			isa = XCConfigurationList;
			buildConfigurations = (
				A94EDC7A1CD2446D00352A74 /* Debug */,
				A94EDC7B1CD2446D00352A74 /* Release */,
			);
			defaultConfigurationIsVisible = 0;
			defaultConfigurationName = Release;
		};
		A94EDC7C1CD2446D00352A74 /* Build configuration list for PBXNativeTarget "AnimateLearnUITests" */ = {
			isa = XCConfigurationList;
			buildConfigurations = (
				A94EDC7D1CD2446D00352A74 /* Debug */,
				A94EDC7E1CD2446D00352A74 /* Release */,
			);
			defaultConfigurationIsVisible = 0;
			defaultConfigurationName = Release;
		};
/* End XCConfigurationList section */
	};
	rootObject = A94EDC461CD2446C00352A74 /* Project object */;
}
